# bpf-objects.lock: the BPF datapath this commit builds (spec 22 §3.8.4, #245).
# Generated by tools/bpf-objects-lock.sh write from tools/build-bpf.sh output;
# test/build.sh checks it. Commit it with any change that alters an object.
# code-sha256: the object without debug info, BTF and symbols (path-independent).
# sha256: the exact bytes the agent embeds, for embedded objects.
toolchain = "nightly-2026-04-03"
bpf-linker = "0.11.1"

[[object]]
name = "smoke"
variant = "default"
features = []
code-sha256 = "8a0e9ab50a81014a1c92db0112d71f85b84d32393b8e1fdaba1451c13e6291ba"

[[object]]
name = "local-delivery"
variant = "default"
features = []
code-sha256 = "1fd97b623eef145e171ca4e2d6928c25339c03d45b185deb59a3a685c49121c5"
embedded = "crates/flowsdn-agent/bpf/local-delivery"
sha256 = "5cd58e05ed91d1b5c9bd5862770f1bea2ed8691a896766e9e2fcfe3e5cefb288"

[[object]]
name = "loader-features"
variant = "default"
features = []
code-sha256 = "0ccc4fa1b14bb645591c8ade142f3ee80a3f8dd2f4ffbb570ccf317ea01b8ead"

[[object]]
name = "socket-context"
variant = "default"
features = []
code-sha256 = "e14392f2eaaa1933181b67b39480c219f40a1a9ad2910d203262cd2856d0c6a2"

[[object]]
name = "skb-ctx"
variant = "default"
features = []
code-sha256 = "ff869ec94c3d0934788c2d51656e3eaaff20d8d3f733b6b229b5252821998f48"

[[object]]
name = "socket-lb"
variant = "default"
features = []
code-sha256 = "c42a75ec780aa8d0179a01b92a004178c585163a337b79cca83c6bb7bed5e027"
embedded = "crates/flowsdn-agent/bpf/socket-lb"
sha256 = "2a6890f7c2736011873bb160d2c198d2f6964c8a46fb36d3da3b279e6cf70bb9"
