# bpf-objects.lock: the BPF datapath this commit builds (spec 22 §3.8.4, #245).
# Generated by tools/bpf-objects-lock.sh write from tools/build-bpf.sh output;
# test/build.sh checks it. Commit it with any change that alters an object.
# code-sha256: the object without debug info, BTF and symbols (path-independent).
# sha256: the exact bytes the agent embeds, for embedded objects.
toolchain = "nightly-2026-04-03"
bpf-linker = "0.11.1"

[[object]]
name = "smoke"
variant = "default"
features = []
code-sha256 = "8a0e9ab50a81014a1c92db0112d71f85b84d32393b8e1fdaba1451c13e6291ba"

[[object]]
name = "local-delivery"
variant = "default"
features = []
code-sha256 = "1fd97b623eef145e171ca4e2d6928c25339c03d45b185deb59a3a685c49121c5"
embedded = "crates/flowsdn-agent/bpf/local-delivery"
sha256 = "5cd58e05ed91d1b5c9bd5862770f1bea2ed8691a896766e9e2fcfe3e5cefb288"

[[object]]
name = "loader-features"
variant = "default"
features = []
code-sha256 = "0ccc4fa1b14bb645591c8ade142f3ee80a3f8dd2f4ffbb570ccf317ea01b8ead"

[[object]]
name = "socket-context"
variant = "default"
features = []
code-sha256 = "e14392f2eaaa1933181b67b39480c219f40a1a9ad2910d203262cd2856d0c6a2"

[[object]]
name = "skb-ctx"
variant = "default"
features = []
code-sha256 = "73129d673032c29ab1935b756be388e380f1613d4d6a75ce0a1e6e6a4e0f53fc"

[[object]]
name = "socket-lb"
variant = "default"
features = []
code-sha256 = "474b1afd31d3fd5b433c680dbc8be109d0a14cfe98bc04aa870ec3c1dc5310ef"
embedded = "crates/flowsdn-agent/bpf/socket-lb"
sha256 = "5eb4c5000442532e93f8911520558f15fd861308a682078d6c24e52d42582325"
